// !$*UTF8*$!
{
	archiveVersion = 1;
	classes = {
	};
	objectVersion = 50;
	objects = {

/* Begin PBXBuildFile section */
		8A04C3CF2204AC18002BDDC0 /* SwipeTableViewController.swift in Sources */ = {isa = PBXBuildFile; fileRef = 8A04C3CE2204AC18002BDDC0 /* SwipeTableViewController.swift */; };
		8A67866221FF201C003107E7 /* CategoryViewController.swift in Sources */ = {isa = PBXBuildFile; fileRef = 8A67866121FF201C003107E7 /* CategoryViewController.swift */; };
		8AC07174220482D700E86633 /* Item.swift in Sources */ = {isa = PBXBuildFile; fileRef = 8AC07173220482D700E86633 /* Item.swift */; };
		8AC071762204839200E86633 /* Category.swift in Sources */ = {isa = PBXBuildFile; fileRef = 8AC071752204839200E86633 /* Category.swift */; };
		8AF91C8D21F5FFBE0033BA27 /* AppDelegate.swift in Sources */ = {isa = PBXBuildFile; fileRef = 8AF91C8C21F5FFBE0033BA27 /* AppDelegate.swift */; };
		8AF91C8F21F5FFBE0033BA27 /* TodoListViewController.swift in Sources */ = {isa = PBXBuildFile; fileRef = 8AF91C8E21F5FFBE0033BA27 /* TodoListViewController.swift */; };
		8AF91C9221F5FFBE0033BA27 /* Main.storyboard in Resources */ = {isa = PBXBuildFile; fileRef = 8AF91C9021F5FFBE0033BA27 /* Main.storyboard */; };
		8AF91C9421F5FFC00033BA27 /* Assets.xcassets in Resources */ = {isa = PBXBuildFile; fileRef = 8AF91C9321F5FFC00033BA27 /* Assets.xcassets */; };
		8AF91C9721F5FFC00033BA27 /* LaunchScreen.storyboard in Resources */ = {isa = PBXBuildFile; fileRef = 8AF91C9521F5FFC00033BA27 /* LaunchScreen.storyboard */; };
		D09C60391DBEE7FD12484086 /* Pods_Todoey.framework in Frameworks */ = {isa = PBXBuildFile; fileRef = F0F994BFB614A1FD1AC51B76 /* Pods_Todoey.framework */; };
/* End PBXBuildFile section */

/* Begin PBXFileReference section */
		3637B77D1E501C238C36F1D6 /* Pods-Todoey.release.xcconfig */ = {isa = PBXFileReference; includeInIndex = 1; lastKnownFileType = text.xcconfig; name = "Pods-Todoey.release.xcconfig"; path = "Pods/Target Support Files/Pods-Todoey/Pods-Todoey.release.xcconfig"; sourceTree = "<group>"; };
		52C868695929AA0D8B7A9CC1 /* Pods-Todoey.debug.xcconfig */ = {isa = PBXFileReference; includeInIndex = 1; lastKnownFileType = text.xcconfig; name = "Pods-Todoey.debug.xcconfig"; path = "Pods/Target Support Files/Pods-Todoey/Pods-Todoey.debug.xcconfig"; sourceTree = "<group>"; };
		8A04C3CE2204AC18002BDDC0 /* SwipeTableViewController.swift */ = {isa = PBXFileReference; lastKnownFileType = sourcecode.swift; path = SwipeTableViewController.swift; sourceTree = "<group>"; };
		8A67866121FF201C003107E7 /* CategoryViewController.swift */ = {isa = PBXFileReference; lastKnownFileType = sourcecode.swift; path = CategoryViewController.swift; sourceTree = "<group>"; };
		8AC07173220482D700E86633 /* Item.swift */ = {isa = PBXFileReference; lastKnownFileType = sourcecode.swift; path = Item.swift; sourceTree = "<group>"; };
		8AC071752204839200E86633 /* Category.swift */ = {isa = PBXFileReference; lastKnownFileType = sourcecode.swift; path = Category.swift; sourceTree = "<group>"; };
		8AF91C8921F5FFBE0033BA27 /* Todoey.app */ = {isa = PBXFileReference; explicitFileType = wrapper.application; includeInIndex = 0; path = Todoey.app; sourceTree = BUILT_PRODUCTS_DIR; };
		8AF91C8C21F5FFBE0033BA27 /* AppDelegate.swift */ = {isa = PBXFileReference; lastKnownFileType = sourcecode.swift; path = AppDelegate.swift; sourceTree = "<group>"; };
		8AF91C8E21F5FFBE0033BA27 /* TodoListViewController.swift */ = {isa = PBXFileReference; lastKnownFileType = sourcecode.swift; path = TodoListViewController.swift; sourceTree = "<group>"; };
		8AF91C9121F5FFBE0033BA27 /* Base */ = {isa = PBXFileReference; lastKnownFileType = file.storyboard; name = Base; path = Base.lproj/Main.storyboard; sourceTree = "<group>"; };
		8AF91C9321F5FFC00033BA27 /* Assets.xcassets */ = {isa = PBXFileReference; lastKnownFileType = folder.assetcatalog; path = Assets.xcassets; sourceTree = "<group>"; };
		8AF91C9621F5FFC00033BA27 /* Base */ = {isa = PBXFileReference; lastKnownFileType = file.storyboard; name = Base; path = Base.lproj/LaunchScreen.storyboard; sourceTree = "<group>"; };
		8AF91C9821F5FFC00033BA27 /* Info.plist */ = {isa = PBXFileReference; lastKnownFileType = text.plist.xml; path = Info.plist; sourceTree = "<group>"; };
		F0F994BFB614A1FD1AC51B76 /* Pods_Todoey.framework */ = {isa = PBXFileReference; explicitFileType = wrapper.framework; includeInIndex = 0; path = Pods_Todoey.framework; sourceTree = BUILT_PRODUCTS_DIR; };
/* End PBXFileReference section */

/* Begin PBXFrameworksBuildPhase section */
		8AF91C8621F5FFBE0033BA27 /* Frameworks */ = {
			isa = PBXFrameworksBuildPhase;
			buildActionMask = 2147483647;
			files = (
				D09C60391DBEE7FD12484086 /* Pods_Todoey.framework in Frameworks */,
			);
			runOnlyForDeploymentPostprocessing = 0;
		};
/* End PBXFrameworksBuildPhase section */

/* Begin PBXGroup section */
		35550D66E8A649DE531441A5 /* Pods */ = {
			isa = PBXGroup;
			children = (
				52C868695929AA0D8B7A9CC1 /* Pods-Todoey.debug.xcconfig */,
				3637B77D1E501C238C36F1D6 /* Pods-Todoey.release.xcconfig */,
			);
			name = Pods;
			sourceTree = "<group>";
		};
		467004101B5374812E56F295 /* Frameworks */ = {
			isa = PBXGroup;
			children = (
				F0F994BFB614A1FD1AC51B76 /* Pods_Todoey.framework */,
			);
			name = Frameworks;
			sourceTree = "<group>";
		};
		8A16EB1421F8F5D8002A6025 /* model */ = {
			isa = PBXGroup;
			children = (
				8AC07173220482D700E86633 /* Item.swift */,
				8AC071752204839200E86633 /* Category.swift */,
			);
			path = model;
			sourceTree = "<group>";
		};
		8A16EB1721F8F688002A6025 /* views */ = {
			isa = PBXGroup;
			children = (
				8AF91C9021F5FFBE0033BA27 /* Main.storyboard */,
			);
			path = views;
			sourceTree = "<group>";
		};
		8A16EB1821F8F692002A6025 /* controllers */ = {
			isa = PBXGroup;
			children = (
				8A67866121FF201C003107E7 /* CategoryViewController.swift */,
				8AF91C8E21F5FFBE0033BA27 /* TodoListViewController.swift */,
				8A04C3CE2204AC18002BDDC0 /* SwipeTableViewController.swift */,
			);
			path = controllers;
			sourceTree = "<group>";
		};
		8A16EB1921F8F6D3002A6025 /* Supporting Files */ = {
			isa = PBXGroup;
			children = (
				8AF91C9321F5FFC00033BA27 /* Assets.xcassets */,
				8AF91C9521F5FFC00033BA27 /* LaunchScreen.storyboard */,
			);
			path = "Supporting Files";
			sourceTree = "<group>";
		};
		8AF91C8021F5FFBE0033BA27 = {
			isa = PBXGroup;
			children = (
				8AF91C8B21F5FFBE0033BA27 /* Todoey */,
				8AF91C8A21F5FFBE0033BA27 /* Products */,
				35550D66E8A649DE531441A5 /* Pods */,
				467004101B5374812E56F295 /* Frameworks */,
			);
			sourceTree = "<group>";
		};
		8AF91C8A21F5FFBE0033BA27 /* Products */ = {
			isa = PBXGroup;
			children = (
				8AF91C8921F5FFBE0033BA27 /* Todoey.app */,
			);
			name = Products;
			sourceTree = "<group>";
		};
		8AF91C8B21F5FFBE0033BA27 /* Todoey */ = {
			isa = PBXGroup;
			children = (
				8A16EB1821F8F692002A6025 /* controllers */,
				8A16EB1721F8F688002A6025 /* views */,
				8A16EB1421F8F5D8002A6025 /* model */,
				8AF91C8C21F5FFBE0033BA27 /* AppDelegate.swift */,
				8A16EB1921F8F6D3002A6025 /* Supporting Files */,
				8AF91C9821F5FFC00033BA27 /* Info.plist */,
			);
			path = Todoey;
			sourceTree = "<group>";
		};
/* End PBXGroup section */

/* Begin PBXNativeTarget section */
		8AF91C8821F5FFBE0033BA27 /* Todoey */ = {
			isa = PBXNativeTarget;
			buildConfigurationList = 8AF91C9B21F5FFC00033BA27 /* Build configuration list for PBXNativeTarget "Todoey" */;
			buildPhases = (
				B286FDFCAAA62E8A97EF8D39 /* [CP] Check Pods Manifest.lock */,
				8AF91C8521F5FFBE0033BA27 /* Sources */,
				8AF91C8621F5FFBE0033BA27 /* Frameworks */,
				8AF91C8721F5FFBE0033BA27 /* Resources */,
				EE1E48F7DC1DBBB026DBE7D7 /* [CP] Embed Pods Frameworks */,
			);
			buildRules = (
			);
			dependencies = (
			);
			name = Todoey;
			productName = Todoey;
			productReference = 8AF91C8921F5FFBE0033BA27 /* Todoey.app */;
			productType = "com.apple.product-type.application";
		};
/* End PBXNativeTarget section */

/* Begin PBXProject section */
		8AF91C8121F5FFBE0033BA27 /* Project object */ = {
			isa = PBXProject;
			attributes = {
				LastSwiftUpdateCheck = 1010;
				LastUpgradeCheck = 1010;
				ORGANIZATIONNAME = "John  Owuor";
				TargetAttributes = {
					8AF91C8821F5FFBE0033BA27 = {
						CreatedOnToolsVersion = 10.1;
					};
				};
			};
			buildConfigurationList = 8AF91C8421F5FFBE0033BA27 /* Build configuration list for PBXProject "Todoey" */;
			compatibilityVersion = "Xcode 9.3";
			developmentRegion = en;
			hasScannedForEncodings = 0;
			knownRegions = (
				en,
				Base,
			);
			mainGroup = 8AF91C8021F5FFBE0033BA27;
			productRefGroup = 8AF91C8A21F5FFBE0033BA27 /* Products */;
			projectDirPath = "";
			projectRoot = "";
			targets = (
				8AF91C8821F5FFBE0033BA27 /* Todoey */,
			);
		};
/* End PBXProject section */

/* Begin PBXResourcesBuildPhase section */
		8AF91C8721F5FFBE0033BA27 /* Resources */ = {
			isa = PBXResourcesBuildPhase;
			buildActionMask = 2147483647;
			files = (
				8AF91C9721F5FFC00033BA27 /* LaunchScreen.storyboard in Resources */,
				8AF91C9421F5FFC00033BA27 /* Assets.xcassets in Resources */,
				8AF91C9221F5FFBE0033BA27 /* Main.storyboard in Resources */,
			);
			runOnlyForDeploymentPostprocessing = 0;
		};
/* End PBXResourcesBuildPhase section */

/* Begin PBXShellScriptBuildPhase section */
		B286FDFCAAA62E8A97EF8D39 /* [CP] Check Pods Manifest.lock */ = {
			isa = PBXShellScriptBuildPhase;
			buildActionMask = 2147483647;
			files = (
			);
			inputFileListPaths = (
			);
			inputPaths = (
				"${PODS_PODFILE_DIR_PATH}/Podfile.lock",
				"${PODS_ROOT}/Manifest.lock",
			);
			name = "[CP] Check Pods Manifest.lock";
			outputFileListPaths = (
			);
			outputPaths = (
				"$(DERIVED_FILE_DIR)/Pods-Todoey-checkManifestLockResult.txt",
			);
			runOnlyForDeploymentPostprocessing = 0;
			shellPath = /bin/sh;
			shellScript = "diff \"${PODS_PODFILE_DIR_PATH}/Podfile.lock\" \"${PODS_ROOT}/Manifest.lock\" > /dev/null\nif [ $? != 0 ] ; then\n    # print error to STDERR\n    echo \"error: The sandbox is not in sync with the Podfile.lock. Run 'pod install' or update your CocoaPods installation.\" >&2\n    exit 1\nfi\n# This output is used by Xcode 'outputs' to avoid re-running this script phase.\necho \"SUCCESS\" > \"${SCRIPT_OUTPUT_FILE_0}\"\n";
			showEnvVarsInLog = 0;
		};
		EE1E48F7DC1DBBB026DBE7D7 /* [CP] Embed Pods Frameworks */ = {
			isa = PBXShellScriptBuildPhase;
			buildActionMask = 2147483647;
			files = (
			);
			inputFileListPaths = (
			);
			inputPaths = (
				"${SRCROOT}/Pods/Target Support Files/Pods-Todoey/Pods-Todoey-frameworks.sh",
				"${BUILT_PRODUCTS_DIR}/Realm/Realm.framework",
				"${BUILT_PRODUCTS_DIR}/RealmSwift/RealmSwift.framework",
				"${BUILT_PRODUCTS_DIR}/SwipeCellKit/SwipeCellKit.framework",
			);
			name = "[CP] Embed Pods Frameworks";
			outputFileListPaths = (
			);
			outputPaths = (
				"${TARGET_BUILD_DIR}/${FRAMEWORKS_FOLDER_PATH}/Realm.framework",
				"${TARGET_BUILD_DIR}/${FRAMEWORKS_FOLDER_PATH}/RealmSwift.framework",
				"${TARGET_BUILD_DIR}/${FRAMEWORKS_FOLDER_PATH}/SwipeCellKit.framework",
			);
			runOnlyForDeploymentPostprocessing = 0;
			shellPath = /bin/sh;
			shellScript = "\"${SRCROOT}/Pods/Target Support Files/Pods-Todoey/Pods-Todoey-frameworks.sh\"\n";
			showEnvVarsInLog = 0;
		};
/* End PBXShellScriptBuildPhase section */

/* Begin PBXSourcesBuildPhase section */
		8AF91C8521F5FFBE0033BA27 /* Sources */ = {
			isa = PBXSourcesBuildPhase;
			buildActionMask = 2147483647;
			files = (
				8AC07174220482D700E86633 /* Item.swift in Sources */,
				8A67866221FF201C003107E7 /* CategoryViewController.swift in Sources */,
				8AF91C8F21F5FFBE0033BA27 /* TodoListViewController.swift in Sources */,
				8AF91C8D21F5FFBE0033BA27 /* AppDelegate.swift in Sources */,
				8A04C3CF2204AC18002BDDC0 /* SwipeTableViewController.swift in Sources */,
				8AC071762204839200E86633 /* Category.swift in Sources */,
			);
			runOnlyForDeploymentPostprocessing = 0;
		};
/* End PBXSourcesBuildPhase section */

/* Begin PBXVariantGroup section */
		8AF91C9021F5FFBE0033BA27 /* Main.storyboard */ = {
			isa = PBXVariantGroup;
			children = (
				8AF91C9121F5FFBE0033BA27 /* Base */,
			);
			name = Main.storyboard;
			sourceTree = "<group>";
		};
		8AF91C9521F5FFC00033BA27 /* LaunchScreen.storyboard */ = {
			isa = PBXVariantGroup;
			children = (
				8AF91C9621F5FFC00033BA27 /* Base */,
			);
			name = LaunchScreen.storyboard;
			sourceTree = "<group>";
		};
/* End PBXVariantGroup section */

/* Begin XCBuildConfiguration section */
		8AF91C9921F5FFC00033BA27 /* Debug */ = {
			isa = XCBuildConfiguration;
			buildSettings = {
				ALWAYS_SEARCH_USER_PATHS = NO;
				CLANG_ANALYZER_NONNULL = YES;
				CLANG_ANALYZER_NUMBER_OBJECT_CONVERSION = YES_AGGRESSIVE;
				CLANG_CXX_LANGUAGE_STANDARD = "gnu++14";
				CLANG_CXX_LIBRARY = "libc++";
				CLANG_ENABLE_MODULES = YES;
				CLANG_ENABLE_OBJC_ARC = YES;
				CLANG_ENABLE_OBJC_WEAK = YES;
				CLANG_WARN_BLOCK_CAPTURE_AUTORELEASING = YES;
				CLANG_WARN_BOOL_CONVERSION = YES;
				CLANG_WARN_COMMA = YES;
				CLANG_WARN_CONSTANT_CONVERSION = YES;
				CLANG_WARN_DEPRECATED_OBJC_IMPLEMENTATIONS = YES;
				CLANG_WARN_DIRECT_OBJC_ISA_USAGE = YES_ERROR;
				CLANG_WARN_DOCUMENTATION_COMMENTS = YES;
				CLANG_WARN_EMPTY_BODY = YES;
				CLANG_WARN_ENUM_CONVERSION = YES;
				CLANG_WARN_INFINITE_RECURSION = YES;
				CLANG_WARN_INT_CONVERSION = YES;
				CLANG_WARN_NON_LITERAL_NULL_CONVERSION = YES;
				CLANG_WARN_OBJC_IMPLICIT_RETAIN_SELF = YES;
				CLANG_WARN_OBJC_LITERAL_CONVERSION = YES;
				CLANG_WARN_OBJC_ROOT_CLASS = YES_ERROR;
				CLANG_WARN_RANGE_LOOP_ANALYSIS = YES;
				CLANG_WARN_STRICT_PROTOTYPES = YES;
				CLANG_WARN_SUSPICIOUS_MOVE = YES;
				CLANG_WARN_UNGUARDED_AVAILABILITY = YES_AGGRESSIVE;
				CLANG_WARN_UNREACHABLE_CODE = YES;
				CLANG_WARN__DUPLICATE_METHOD_MATCH = YES;
				CODE_SIGN_IDENTITY = "iPhone Developer";
				COPY_PHASE_STRIP = NO;
				DEBUG_INFORMATION_FORMAT = dwarf;
				ENABLE_STRICT_OBJC_MSGSEND = YES;
				ENABLE_TESTABILITY = YES;
				GCC_C_LANGUAGE_STANDARD = gnu11;
				GCC_DYNAMIC_NO_PIC = NO;
				GCC_NO_COMMON_BLOCKS = YES;
				GCC_OPTIMIZATION_LEVEL = 0;
				GCC_PREPROCESSOR_DEFINITIONS = (
					"DEBUG=1",
					"$(inherited)",
				);
				GCC_WARN_64_TO_32_BIT_CONVERSION = YES;
				GCC_WARN_ABOUT_RETURN_TYPE = YES_ERROR;
				GCC_WARN_UNDECLARED_SELECTOR = YES;
				GCC_WARN_UNINITIALIZED_AUTOS = YES_AGGRESSIVE;
				GCC_WARN_UNUSED_FUNCTION = YES;
				GCC_WARN_UNUSED_VARIABLE = YES;
				IPHONEOS_DEPLOYMENT_TARGET = 12.1;
				MTL_ENABLE_DEBUG_INFO = INCLUDE_SOURCE;
				MTL_FAST_MATH = YES;
				ONLY_ACTIVE_ARCH = YES;
				SDKROOT = iphoneos;
				SWIFT_ACTIVE_COMPILATION_CONDITIONS = DEBUG;
				SWIFT_OPTIMIZATION_LEVEL = "-Onone";
			};
			name = Debug;
		};
		8AF91C9A21F5FFC00033BA27 /* Release */ = {
			isa = XCBuildConfiguration;
			buildSettings = {
				ALWAYS_SEARCH_USER_PATHS = NO;
				CLANG_ANALYZER_NONNULL = YES;
				CLANG_ANALYZER_NUMBER_OBJECT_CONVERSION = YES_AGGRESSIVE;
				CLANG_CXX_LANGUAGE_STANDARD = "gnu++14";
				CLANG_CXX_LIBRARY = "libc++";
				CLANG_ENABLE_MODULES = YES;
				CLANG_ENABLE_OBJC_ARC = YES;
				CLANG_ENABLE_OBJC_WEAK = YES;
				CLANG_WARN_BLOCK_CAPTURE_AUTORELEASING = YES;
				CLANG_WARN_BOOL_CONVERSION = YES;
				CLANG_WARN_COMMA = YES;
				CLANG_WARN_CONSTANT_CONVERSION = YES;
				CLANG_WARN_DEPRECATED_OBJC_IMPLEMENTATIONS = YES;
				CLANG_WARN_DIRECT_OBJC_ISA_USAGE = YES_ERROR;
				CLANG_WARN_DOCUMENTATION_COMMENTS = YES;
				CLANG_WARN_EMPTY_BODY = YES;
				CLANG_WARN_ENUM_CONVERSION = YES;
				CLANG_WARN_INFINITE_RECURSION = YES;
				CLANG_WARN_INT_CONVERSION = YES;
				CLANG_WARN_NON_LITERAL_NULL_CONVERSION = YES;
				CLANG_WARN_OBJC_IMPLICIT_RETAIN_SELF = YES;
				CLANG_WARN_OBJC_LITERAL_CONVERSION = YES;
				CLANG_WARN_OBJC_ROOT_CLASS = YES_ERROR;
				CLANG_WARN_RANGE_LOOP_ANALYSIS = YES;
				CLANG_WARN_STRICT_PROTOTYPES = YES;
				CLANG_WARN_SUSPICIOUS_MOVE = YES;
				CLANG_WARN_UNGUARDED_AVAILABILITY = YES_AGGRESSIVE;
				CLANG_WARN_UNREACHABLE_CODE = YES;
				CLANG_WARN__DUPLICATE_METHOD_MATCH = YES;
				CODE_SIGN_IDENTITY = "iPhone Developer";
				COPY_PHASE_STRIP = NO;
				DEBUG_INFORMATION_FORMAT = "dwarf-with-dsym";
				ENABLE_NS_ASSERTIONS = NO;
				ENABLE_STRICT_OBJC_MSGSEND = YES;
				GCC_C_LANGUAGE_STANDARD = gnu11;
				GCC_NO_COMMON_BLOCKS = YES;
				GCC_WARN_64_TO_32_BIT_CONVERSION = YES;
				GCC_WARN_ABOUT_RETURN_TYPE = YES_ERROR;
				GCC_WARN_UNDECLARED_SELECTOR = YES;
				GCC_WARN_UNINITIALIZED_AUTOS = YES_AGGRESSIVE;
				GCC_WARN_UNUSED_FUNCTION = YES;
				GCC_WARN_UNUSED_VARIABLE = YES;
				IPHONEOS_DEPLOYMENT_TARGET = 12.1;
				MTL_ENABLE_DEBUG_INFO = NO;
				MTL_FAST_MATH = YES;
				SDKROOT = iphoneos;
				SWIFT_COMPILATION_MODE = wholemodule;
				SWIFT_OPTIMIZATION_LEVEL = "-O";
				VALIDATE_PRODUCT = YES;
			};
			name = Release;
		};
		8AF91C9C21F5FFC00033BA27 /* Debug */ = {
			isa = XCBuildConfiguration;
			baseConfigurationReference = 52C868695929AA0D8B7A9CC1 /* Pods-Todoey.debug.xcconfig */;
			buildSettings = {
				ASSETCATALOG_COMPILER_APPICON_NAME = AppIcon;
				CODE_SIGN_STYLE = Automatic;
				DEVELOPMENT_TEAM = "";
				INFOPLIST_FILE = Todoey/Info.plist;
				LD_RUNPATH_SEARCH_PATHS = (
					"$(inherited)",
					"@executable_path/Frameworks",
				);
				PRODUCT_BUNDLE_IDENTIFIER = io.owuor91.Todoey;
				PRODUCT_NAME = "$(TARGET_NAME)";
				SWIFT_VERSION = 4.2;
				TARGETED_DEVICE_FAMILY = "1,2";
			};
			name = Debug;
		};
		8AF91C9D21F5FFC00033BA27 /* Release */ = {
			isa = XCBuildConfiguration;
			baseConfigurationReference = 3637B77D1E501C238C36F1D6 /* Pods-Todoey.release.xcconfig */;
			buildSettings = {
				ASSETCATALOG_COMPILER_APPICON_NAME = AppIcon;
				CODE_SIGN_STYLE = Automatic;
				DEVELOPMENT_TEAM = "";
				INFOPLIST_FILE = Todoey/Info.plist;
				LD_RUNPATH_SEARCH_PATHS = (
					"$(inherited)",
					"@executable_path/Frameworks",
				);
				PRODUCT_BUNDLE_IDENTIFIER = io.owuor91.Todoey;
				PRODUCT_NAME = "$(TARGET_NAME)";
				SWIFT_VERSION = 4.2;
				TARGETED_DEVICE_FAMILY = "1,2";
			};
			name = Release;
		};
/* End XCBuildConfiguration section */

/* Begin XCConfigurationList section */
		8AF91C8421F5FFBE0033BA27 /* Build configuration list for PBXProject "Todoey" */ = {
			isa = XCConfigurationList;
			buildConfigurations = (
				8AF91C9921F5FFC00033BA27 /* Debug */,
				8AF91C9A21F5FFC00033BA27 /* Release */,
			);
			defaultConfigurationIsVisible = 0;
			defaultConfigurationName = Release;
		};
		8AF91C9B21F5FFC00033BA27 /* Build configuration list for PBXNativeTarget "Todoey" */ = {
			isa = XCConfigurationList;
			buildConfigurations = (
				8AF91C9C21F5FFC00033BA27 /* Debug */,
				8AF91C9D21F5FFC00033BA27 /* Release */,
			);
			defaultConfigurationIsVisible = 0;
			defaultConfigurationName = Release;
		};
/* End XCConfigurationList section */
	};
	rootObject = 8AF91C8121F5FFBE0033BA27 /* Project object */;
}
