// !$*UTF8*$!
{
	archiveVersion = 1;
	classes = {
	};
	objectVersion = 50;
	objects = {

/* Begin PBXBuildFile section */
		8A42A88F21FB10360047ECE7 /* DataModel.xcdatamodeld in Sources */ = {isa = PBXBuildFile; fileRef = 8A42A88D21FB10360047ECE7 /* DataModel.xcdatamodeld */; };
		8A67866221FF201C003107E7 /* CategoryViewController.swift in Sources */ = {isa = PBXBuildFile; fileRef = 8A67866121FF201C003107E7 /* CategoryViewController.swift */; };
		8AF91C8D21F5FFBE0033BA27 /* AppDelegate.swift in Sources */ = {isa = PBXBuildFile; fileRef = 8AF91C8C21F5FFBE0033BA27 /* AppDelegate.swift */; };
		8AF91C8F21F5FFBE0033BA27 /* TodoListViewController.swift in Sources */ = {isa = PBXBuildFile; fileRef = 8AF91C8E21F5FFBE0033BA27 /* TodoListViewController.swift */; };
		8AF91C9221F5FFBE0033BA27 /* Main.storyboard in Resources */ = {isa = PBXBuildFile; fileRef = 8AF91C9021F5FFBE0033BA27 /* Main.storyboard */; };
		8AF91C9421F5FFC00033BA27 /* Assets.xcassets in Resources */ = {isa = PBXBuildFile; fileRef = 8AF91C9321F5FFC00033BA27 /* Assets.xcassets */; };
		8AF91C9721F5FFC00033BA27 /* LaunchScreen.storyboard in Resources */ = {isa = PBXBuildFile; fileRef = 8AF91C9521F5FFC00033BA27 /* LaunchScreen.storyboard */; };
/* End PBXBuildFile section */

/* Begin PBXFileReference section */
		8A42A88E21FB10360047ECE7 /* DataModel.xcdatamodel */ = {isa = PBXFileReference; lastKnownFileType = wrapper.xcdatamodel; path = DataModel.xcdatamodel; sourceTree = "<group>"; };
		8A67866121FF201C003107E7 /* CategoryViewController.swift */ = {isa = PBXFileReference; lastKnownFileType = sourcecode.swift; path = CategoryViewController.swift; sourceTree = "<group>"; };
		8AF91C8921F5FFBE0033BA27 /* Todoey.app */ = {isa = PBXFileReference; explicitFileType = wrapper.application; includeInIndex = 0; path = Todoey.app; sourceTree = BUILT_PRODUCTS_DIR; };
		8AF91C8C21F5FFBE0033BA27 /* AppDelegate.swift */ = {isa = PBXFileReference; lastKnownFileType = sourcecode.swift; path = AppDelegate.swift; sourceTree = "<group>"; };
		8AF91C8E21F5FFBE0033BA27 /* TodoListViewController.swift */ = {isa = PBXFileReference; lastKnownFileType = sourcecode.swift; path = TodoListViewController.swift; sourceTree = "<group>"; };
		8AF91C9121F5FFBE0033BA27 /* Base */ = {isa = PBXFileReference; lastKnownFileType = file.storyboard; name = Base; path = Base.lproj/Main.storyboard; sourceTree = "<group>"; };
		8AF91C9321F5FFC00033BA27 /* Assets.xcassets */ = {isa = PBXFileReference; lastKnownFileType = folder.assetcatalog; path = Assets.xcassets; sourceTree = "<group>"; };
		8AF91C9621F5FFC00033BA27 /* Base */ = {isa = PBXFileReference; lastKnownFileType = file.storyboard; name = Base; path = Base.lproj/LaunchScreen.storyboard; sourceTree = "<group>"; };
		8AF91C9821F5FFC00033BA27 /* Info.plist */ = {isa = PBXFileReference; lastKnownFileType = text.plist.xml; path = Info.plist; sourceTree = "<group>"; };
/* End PBXFileReference section */

/* Begin PBXFrameworksBuildPhase section */
		8AF91C8621F5FFBE0033BA27 /* Frameworks */ = {
			isa = PBXFrameworksBuildPhase;
			buildActionMask = 2147483647;
			files = (
			);
			runOnlyForDeploymentPostprocessing = 0;
		};
/* End PBXFrameworksBuildPhase section */

/* Begin PBXGroup section */
		8A16EB1421F8F5D8002A6025 /* model */ = {
			isa = PBXGroup;
			children = (
				8A42A88D21FB10360047ECE7 /* DataModel.xcdatamodeld */,
			);
			path = model;
			sourceTree = "<group>";
		};
		8A16EB1721F8F688002A6025 /* views */ = {
			isa = PBXGroup;
			children = (
				8AF91C9021F5FFBE0033BA27 /* Main.storyboard */,
			);
			path = views;
			sourceTree = "<group>";
		};
		8A16EB1821F8F692002A6025 /* controllers */ = {
			isa = PBXGroup;
			children = (
				8A67866121FF201C003107E7 /* CategoryViewController.swift */,
				8AF91C8E21F5FFBE0033BA27 /* TodoListViewController.swift */,
			);
			path = controllers;
			sourceTree = "<group>";
		};
		8A16EB1921F8F6D3002A6025 /* Supporting Files */ = {
			isa = PBXGroup;
			children = (
				8AF91C9321F5FFC00033BA27 /* Assets.xcassets */,
				8AF91C9521F5FFC00033BA27 /* LaunchScreen.storyboard */,
			);
			path = "Supporting Files";
			sourceTree = "<group>";
		};
		8AF91C8021F5FFBE0033BA27 = {
			isa = PBXGroup;
			children = (
				8AF91C8B21F5FFBE0033BA27 /* Todoey */,
				8AF91C8A21F5FFBE0033BA27 /* Products */,
			);
			sourceTree = "<group>";
		};
		8AF91C8A21F5FFBE0033BA27 /* Products */ = {
			isa = PBXGroup;
			children = (
				8AF91C8921F5FFBE0033BA27 /* Todoey.app */,
			);
			name = Products;
			sourceTree = "<group>";
		};
		8AF91C8B21F5FFBE0033BA27 /* Todoey */ = {
			isa = PBXGroup;
			children = (
				8A16EB1821F8F692002A6025 /* controllers */,
				8A16EB1721F8F688002A6025 /* views */,
				8A16EB1421F8F5D8002A6025 /* model */,
				8AF91C8C21F5FFBE0033BA27 /* AppDelegate.swift */,
				8A16EB1921F8F6D3002A6025 /* Supporting Files */,
				8AF91C9821F5FFC00033BA27 /* Info.plist */,
			);
			path = Todoey;
			sourceTree = "<group>";
		};
/* End PBXGroup section */

/* Begin PBXNativeTarget section */
		8AF91C8821F5FFBE0033BA27 /* Todoey */ = {
			isa = PBXNativeTarget;
			buildConfigurationList = 8AF91C9B21F5FFC00033BA27 /* Build configuration list for PBXNativeTarget "Todoey" */;
			buildPhases = (
				8AF91C8521F5FFBE0033BA27 /* Sources */,
				8AF91C8621F5FFBE0033BA27 /* Frameworks */,
				8AF91C8721F5FFBE0033BA27 /* Resources */,
			);
			buildRules = (
			);
			dependencies = (
			);
			name = Todoey;
			productName = Todoey;
			productReference = 8AF91C8921F5FFBE0033BA27 /* Todoey.app */;
			productType = "com.apple.product-type.application";
		};
/* End PBXNativeTarget section */

/* Begin PBXProject section */
		8AF91C8121F5FFBE0033BA27 /* Project object */ = {
			isa = PBXProject;
			attributes = {
				LastSwiftUpdateCheck = 1010;
				LastUpgradeCheck = 1010;
				ORGANIZATIONNAME = "John  Owuor";
				TargetAttributes = {
					8AF91C8821F5FFBE0033BA27 = {
						CreatedOnToolsVersion = 10.1;
					};
				};
			};
			buildConfigurationList = 8AF91C8421F5FFBE0033BA27 /* Build configuration list for PBXProject "Todoey" */;
			compatibilityVersion = "Xcode 9.3";
			developmentRegion = en;
			hasScannedForEncodings = 0;
			knownRegions = (
				en,
				Base,
			);
			mainGroup = 8AF91C8021F5FFBE0033BA27;
			productRefGroup = 8AF91C8A21F5FFBE0033BA27 /* Products */;
			projectDirPath = "";
			projectRoot = "";
			targets = (
				8AF91C8821F5FFBE0033BA27 /* Todoey */,
			);
		};
/* End PBXProject section */

/* Begin PBXResourcesBuildPhase section */
		8AF91C8721F5FFBE0033BA27 /* Resources */ = {
			isa = PBXResourcesBuildPhase;
			buildActionMask = 2147483647;
			files = (
				8AF91C9721F5FFC00033BA27 /* LaunchScreen.storyboard in Resources */,
				8AF91C9421F5FFC00033BA27 /* Assets.xcassets in Resources */,
				8AF91C9221F5FFBE0033BA27 /* Main.storyboard in Resources */,
			);
			runOnlyForDeploymentPostprocessing = 0;
		};
/* End PBXResourcesBuildPhase section */

/* Begin PBXSourcesBuildPhase section */
		8AF91C8521F5FFBE0033BA27 /* Sources */ = {
			isa = PBXSourcesBuildPhase;
			buildActionMask = 2147483647;
			files = (
				8A67866221FF201C003107E7 /* CategoryViewController.swift in Sources */,
				8AF91C8F21F5FFBE0033BA27 /* TodoListViewController.swift in Sources */,
				8A42A88F21FB10360047ECE7 /* DataModel.xcdatamodeld in Sources */,
				8AF91C8D21F5FFBE0033BA27 /* AppDelegate.swift in Sources */,
			);
			runOnlyForDeploymentPostprocessing = 0;
		};
/* End PBXSourcesBuildPhase section */

/* Begin PBXVariantGroup section */
		8AF91C9021F5FFBE0033BA27 /* Main.storyboard */ = {
			isa = PBXVariantGroup;
			children = (
				8AF91C9121F5FFBE0033BA27 /* Base */,
			);
			name = Main.storyboard;
			sourceTree = "<group>";
		};
		8AF91C9521F5FFC00033BA27 /* LaunchScreen.storyboard */ = {
			isa = PBXVariantGroup;
			children = (
				8AF91C9621F5FFC00033BA27 /* Base */,
			);
			name = LaunchScreen.storyboard;
			sourceTree = "<group>";
		};
/* End PBXVariantGroup section */

/* Begin XCBuildConfiguration section */
		8AF91C9921F5FFC00033BA27 /* Debug */ = {
			isa = XCBuildConfiguration;
			buildSettings = {
				ALWAYS_SEARCH_USER_PATHS = NO;
				CLANG_ANALYZER_NONNULL = YES;
				CLANG_ANALYZER_NUMBER_OBJECT_CONVERSION = YES_AGGRESSIVE;
				CLANG_CXX_LANGUAGE_STANDARD = "gnu++14";
				CLANG_CXX_LIBRARY = "libc++";
				CLANG_ENABLE_MODULES = YES;
				CLANG_ENABLE_OBJC_ARC = YES;
				CLANG_ENABLE_OBJC_WEAK = YES;
				CLANG_WARN_BLOCK_CAPTURE_AUTORELEASING = YES;
				CLANG_WARN_BOOL_CONVERSION = YES;
				CLANG_WARN_COMMA = YES;
				CLANG_WARN_CONSTANT_CONVERSION = YES;
				CLANG_WARN_DEPRECATED_OBJC_IMPLEMENTATIONS = YES;
				CLANG_WARN_DIRECT_OBJC_ISA_USAGE = YES_ERROR;
				CLANG_WARN_DOCUMENTATION_COMMENTS = YES;
				CLANG_WARN_EMPTY_BODY = YES;
				CLANG_WARN_ENUM_CONVERSION = YES;
				CLANG_WARN_INFINITE_RECURSION = YES;
				CLANG_WARN_INT_CONVERSION = YES;
				CLANG_WARN_NON_LITERAL_NULL_CONVERSION = YES;
				CLANG_WARN_OBJC_IMPLICIT_RETAIN_SELF = YES;
				CLANG_WARN_OBJC_LITERAL_CONVERSION = YES;
				CLANG_WARN_OBJC_ROOT_CLASS = YES_ERROR;
				CLANG_WARN_RANGE_LOOP_ANALYSIS = YES;
				CLANG_WARN_STRICT_PROTOTYPES = YES;
				CLANG_WARN_SUSPICIOUS_MOVE = YES;
				CLANG_WARN_UNGUARDED_AVAILABILITY = YES_AGGRESSIVE;
				CLANG_WARN_UNREACHABLE_CODE = YES;
				CLANG_WARN__DUPLICATE_METHOD_MATCH = YES;
				CODE_SIGN_IDENTITY = "iPhone Developer";
				COPY_PHASE_STRIP = NO;
				DEBUG_INFORMATION_FORMAT = dwarf;
				ENABLE_STRICT_OBJC_MSGSEND = YES;
				ENABLE_TESTABILITY = YES;
				GCC_C_LANGUAGE_STANDARD = gnu11;
				GCC_DYNAMIC_NO_PIC = NO;
				GCC_NO_COMMON_BLOCKS = YES;
				GCC_OPTIMIZATION_LEVEL = 0;
				GCC_PREPROCESSOR_DEFINITIONS = (
					"DEBUG=1",
					"$(inherited)",
				);
				GCC_WARN_64_TO_32_BIT_CONVERSION = YES;
				GCC_WARN_ABOUT_RETURN_TYPE = YES_ERROR;
				GCC_WARN_UNDECLARED_SELECTOR = YES;
				GCC_WARN_UNINITIALIZED_AUTOS = YES_AGGRESSIVE;
				GCC_WARN_UNUSED_FUNCTION = YES;
				GCC_WARN_UNUSED_VARIABLE = YES;
				IPHONEOS_DEPLOYMENT_TARGET = 12.1;
				MTL_ENABLE_DEBUG_INFO = INCLUDE_SOURCE;
				MTL_FAST_MATH = YES;
				ONLY_ACTIVE_ARCH = YES;
				SDKROOT = iphoneos;
				SWIFT_ACTIVE_COMPILATION_CONDITIONS = DEBUG;
				SWIFT_OPTIMIZATION_LEVEL = "-Onone";
			};
			name = Debug;
		};
		8AF91C9A21F5FFC00033BA27 /* Release */ = {
			isa = XCBuildConfiguration;
			buildSettings = {
				ALWAYS_SEARCH_USER_PATHS = NO;
				CLANG_ANALYZER_NONNULL = YES;
				CLANG_ANALYZER_NUMBER_OBJECT_CONVERSION = YES_AGGRESSIVE;
				CLANG_CXX_LANGUAGE_STANDARD = "gnu++14";
				CLANG_CXX_LIBRARY = "libc++";
				CLANG_ENABLE_MODULES = YES;
				CLANG_ENABLE_OBJC_ARC = YES;
				CLANG_ENABLE_OBJC_WEAK = YES;
				CLANG_WARN_BLOCK_CAPTURE_AUTORELEASING = YES;
				CLANG_WARN_BOOL_CONVERSION = YES;
				CLANG_WARN_COMMA = YES;
				CLANG_WARN_CONSTANT_CONVERSION = YES;
				CLANG_WARN_DEPRECATED_OBJC_IMPLEMENTATIONS = YES;
				CLANG_WARN_DIRECT_OBJC_ISA_USAGE = YES_ERROR;
				CLANG_WARN_DOCUMENTATION_COMMENTS = YES;
				CLANG_WARN_EMPTY_BODY = YES;
				CLANG_WARN_ENUM_CONVERSION = YES;
				CLANG_WARN_INFINITE_RECURSION = YES;
				CLANG_WARN_INT_CONVERSION = YES;
				CLANG_WARN_NON_LITERAL_NULL_CONVERSION = YES;
				CLANG_WARN_OBJC_IMPLICIT_RETAIN_SELF = YES;
				CLANG_WARN_OBJC_LITERAL_CONVERSION = YES;
				CLANG_WARN_OBJC_ROOT_CLASS = YES_ERROR;
				CLANG_WARN_RANGE_LOOP_ANALYSIS = YES;
				CLANG_WARN_STRICT_PROTOTYPES = YES;
				CLANG_WARN_SUSPICIOUS_MOVE = YES;
				CLANG_WARN_UNGUARDED_AVAILABILITY = YES_AGGRESSIVE;
				CLANG_WARN_UNREACHABLE_CODE = YES;
				CLANG_WARN__DUPLICATE_METHOD_MATCH = YES;
				CODE_SIGN_IDENTITY = "iPhone Developer";
				COPY_PHASE_STRIP = NO;
				DEBUG_INFORMATION_FORMAT = "dwarf-with-dsym";
				ENABLE_NS_ASSERTIONS = NO;
				ENABLE_STRICT_OBJC_MSGSEND = YES;
				GCC_C_LANGUAGE_STANDARD = gnu11;
				GCC_NO_COMMON_BLOCKS = YES;
				GCC_WARN_64_TO_32_BIT_CONVERSION = YES;
				GCC_WARN_ABOUT_RETURN_TYPE = YES_ERROR;
				GCC_WARN_UNDECLARED_SELECTOR = YES;
				GCC_WARN_UNINITIALIZED_AUTOS = YES_AGGRESSIVE;
				GCC_WARN_UNUSED_FUNCTION = YES;
				GCC_WARN_UNUSED_VARIABLE = YES;
				IPHONEOS_DEPLOYMENT_TARGET = 12.1;
				MTL_ENABLE_DEBUG_INFO = NO;
				MTL_FAST_MATH = YES;
				SDKROOT = iphoneos;
				SWIFT_COMPILATION_MODE = wholemodule;
				SWIFT_OPTIMIZATION_LEVEL = "-O";
				VALIDATE_PRODUCT = YES;
			};
			name = Release;
		};
		8AF91C9C21F5FFC00033BA27 /* Debug */ = {
			isa = XCBuildConfiguration;
			buildSettings = {
				ASSETCATALOG_COMPILER_APPICON_NAME = AppIcon;
				CODE_SIGN_STYLE = Automatic;
				DEVELOPMENT_TEAM = "";
				INFOPLIST_FILE = Todoey/Info.plist;
				LD_RUNPATH_SEARCH_PATHS = (
					"$(inherited)",
					"@executable_path/Frameworks",
				);
				PRODUCT_BUNDLE_IDENTIFIER = io.owuor91.Todoey;
				PRODUCT_NAME = "$(TARGET_NAME)";
				SWIFT_VERSION = 4.2;
				TARGETED_DEVICE_FAMILY = "1,2";
			};
			name = Debug;
		};
		8AF91C9D21F5FFC00033BA27 /* Release */ = {
			isa = XCBuildConfiguration;
			buildSettings = {
				ASSETCATALOG_COMPILER_APPICON_NAME = AppIcon;
				CODE_SIGN_STYLE = Automatic;
				DEVELOPMENT_TEAM = "";
				INFOPLIST_FILE = Todoey/Info.plist;
				LD_RUNPATH_SEARCH_PATHS = (
					"$(inherited)",
					"@executable_path/Frameworks",
				);
				PRODUCT_BUNDLE_IDENTIFIER = io.owuor91.Todoey;
				PRODUCT_NAME = "$(TARGET_NAME)";
				SWIFT_VERSION = 4.2;
				TARGETED_DEVICE_FAMILY = "1,2";
			};
			name = Release;
		};
/* End XCBuildConfiguration section */

/* Begin XCConfigurationList section */
		8AF91C8421F5FFBE0033BA27 /* Build configuration list for PBXProject "Todoey" */ = {
			isa = XCConfigurationList;
			buildConfigurations = (
				8AF91C9921F5FFC00033BA27 /* Debug */,
				8AF91C9A21F5FFC00033BA27 /* Release */,
			);
			defaultConfigurationIsVisible = 0;
			defaultConfigurationName = Release;
		};
		8AF91C9B21F5FFC00033BA27 /* Build configuration list for PBXNativeTarget "Todoey" */ = {
			isa = XCConfigurationList;
			buildConfigurations = (
				8AF91C9C21F5FFC00033BA27 /* Debug */,
				8AF91C9D21F5FFC00033BA27 /* Release */,
			);
			defaultConfigurationIsVisible = 0;
			defaultConfigurationName = Release;
		};
/* End XCConfigurationList section */

/* Begin XCVersionGroup section */
		8A42A88D21FB10360047ECE7 /* DataModel.xcdatamodeld */ = {
			isa = XCVersionGroup;
			children = (
				8A42A88E21FB10360047ECE7 /* DataModel.xcdatamodel */,
			);
			currentVersion = 8A42A88E21FB10360047ECE7 /* DataModel.xcdatamodel */;
			path = DataModel.xcdatamodeld;
			sourceTree = "<group>";
			versionGroupType = wrapper.xcdatamodel;
		};
/* End XCVersionGroup section */
	};
	rootObject = 8AF91C8121F5FFBE0033BA27 /* Project object */;
}
